
Microsoft Visual Studio Solution File, Format Version 12.00
# Visual Studio Version 17
VisualStudioVersion = 17.10.35013.160
MinimumVisualStudioVersion = 10.0.40219.1
Project("{9A19103F-16F7-4668-BE54-9A1E7A4F7556}") = "CP2.API", "CP2.API\CP2.API.csproj", "{9E7898DA-65EE-4C60-9BC7-2A37886F684E}"
EndProject
Global
	GlobalSection(SolutionConfigurationPlatforms) = preSolution
		Debug|Any CPU = Debug|Any CPU
		Release|Any CPU = Release|Any CPU
	EndGlobalSection
	GlobalSection(ProjectConfigurationPlatforms) = postSolution
		{9E7898DA-65EE-4C60-9BC7-2A37886F684E}.Debug|Any CPU.ActiveCfg = Debug|Any CPU
		{9E7898DA-65EE-4C60-9BC7-2A37886F684E}.Debug|Any CPU.Build.0 = Debug|Any CPU
		{9E7898DA-65EE-4C60-9BC7-2A37886F684E}.Release|Any CPU.ActiveCfg = Release|Any CPU
		{9E7898DA-65EE-4C60-9BC7-2A37886F684E}.Release|Any CPU.Build.0 = Release|Any CPU
	EndGlobalSection
	GlobalSection(SolutionProperties) = preSolution
		HideSolutionNode = FALSE
	EndGlobalSection
	GlobalSection(ExtensibilityGlobals) = postSolution
		SolutionGuid = {4BDDF7BF-827B-45E0-B8FC-14F103AAFF82}
	EndGlobalSection
EndGlobal
